
Microsoft Visual Studio Solution File, Format Version 12.00
# Visual Studio Version 17
VisualStudioVersion = 17.4.33213.308
MinimumVisualStudioVersion = 10.0.40219.1
Project("{2150E333-8FDC-42A3-9474-1A3956D46DE8}") = "Solution Items", "Solution Items", "{F9AD610B-AE89-4928-B0B5-4414496B1C33}"
EndProject
Project("{9A19103F-16F7-4668-BE54-9A1E7A4F7556}") = "ProductManagementAPI", "ProductManagementAPI\ProductManagementAPI.csproj", "{D70BDAB0-896E-4709-B905-702502F77099}"
EndProject
Project("{9A19103F-16F7-4668-BE54-9A1E7A4F7556}") = "ProductManagementWebClient", "ProductManagementWebClient\ProductManagementWebClient.csproj", "{DC452D57-2115-402E-9752-1FB458C3BA58}"
EndProject
Project("{9A19103F-16F7-4668-BE54-9A1E7A4F7556}") = "BusinessObjects", "BusinessObjects\BusinessObjects.csproj", "{3351075B-A32C-4A84-AC7F-43CB36B0FC2F}"
EndProject
Project("{9A19103F-16F7-4668-BE54-9A1E7A4F7556}") = "DataAccess", "DataAccess\DataAccess.csproj", "{704B7F73-35A1-4477-8B38-C0C5AEB7DF4C}"
EndProject
Project("{9A19103F-16F7-4668-BE54-9A1E7A4F7556}") = "Repositories", "Repositories\Repositories.csproj", "{86194C67-F533-45EC-A053-5262AC5ED932}"
EndProject
Global
	GlobalSection(SolutionConfigurationPlatforms) = preSolution
		Debug|Any CPU = Debug|Any CPU
		Release|Any CPU = Release|Any CPU
	EndGlobalSection
	GlobalSection(ProjectConfigurationPlatforms) = postSolution
		{D70BDAB0-896E-4709-B905-702502F77099}.Debug|Any CPU.ActiveCfg = Debug|Any CPU
		{D70BDAB0-896E-4709-B905-702502F77099}.Debug|Any CPU.Build.0 = Debug|Any CPU
		{D70BDAB0-896E-4709-B905-702502F77099}.Release|Any CPU.ActiveCfg = Release|Any CPU
		{D70BDAB0-896E-4709-B905-702502F77099}.Release|Any CPU.Build.0 = Release|Any CPU
		{DC452D57-2115-402E-9752-1FB458C3BA58}.Debug|Any CPU.ActiveCfg = Debug|Any CPU
		{DC452D57-2115-402E-9752-1FB458C3BA58}.Debug|Any CPU.Build.0 = Debug|Any CPU
		{DC452D57-2115-402E-9752-1FB458C3BA58}.Release|Any CPU.ActiveCfg = Release|Any CPU
		{DC452D57-2115-402E-9752-1FB458C3BA58}.Release|Any CPU.Build.0 = Release|Any CPU
		{3351075B-A32C-4A84-AC7F-43CB36B0FC2F}.Debug|Any CPU.ActiveCfg = Debug|Any CPU
		{3351075B-A32C-4A84-AC7F-43CB36B0FC2F}.Debug|Any CPU.Build.0 = Debug|Any CPU
		{3351075B-A32C-4A84-AC7F-43CB36B0FC2F}.Release|Any CPU.ActiveCfg = Release|Any CPU
		{3351075B-A32C-4A84-AC7F-43CB36B0FC2F}.Release|Any CPU.Build.0 = Release|Any CPU
		{704B7F73-35A1-4477-8B38-C0C5AEB7DF4C}.Debug|Any CPU.ActiveCfg = Debug|Any CPU
		{704B7F73-35A1-4477-8B38-C0C5AEB7DF4C}.Debug|Any CPU.Build.0 = Debug|Any CPU
		{704B7F73-35A1-4477-8B38-C0C5AEB7DF4C}.Release|Any CPU.ActiveCfg = Release|Any CPU
		{704B7F73-35A1-4477-8B38-C0C5AEB7DF4C}.Release|Any CPU.Build.0 = Release|Any CPU
		{86194C67-F533-45EC-A053-5262AC5ED932}.Debug|Any CPU.ActiveCfg = Debug|Any CPU
		{86194C67-F533-45EC-A053-5262AC5ED932}.Debug|Any CPU.Build.0 = Debug|Any CPU
		{86194C67-F533-45EC-A053-5262AC5ED932}.Release|Any CPU.ActiveCfg = Release|Any CPU
		{86194C67-F533-45EC-A053-5262AC5ED932}.Release|Any CPU.Build.0 = Release|Any CPU
	EndGlobalSection
	GlobalSection(SolutionProperties) = preSolution
		HideSolutionNode = FALSE
	EndGlobalSection
	GlobalSection(NestedProjects) = preSolution
		{D70BDAB0-896E-4709-B905-702502F77099} = {F9AD610B-AE89-4928-B0B5-4414496B1C33}
		{DC452D57-2115-402E-9752-1FB458C3BA58} = {F9AD610B-AE89-4928-B0B5-4414496B1C33}
		{3351075B-A32C-4A84-AC7F-43CB36B0FC2F} = {F9AD610B-AE89-4928-B0B5-4414496B1C33}
		{704B7F73-35A1-4477-8B38-C0C5AEB7DF4C} = {F9AD610B-AE89-4928-B0B5-4414496B1C33}
		{86194C67-F533-45EC-A053-5262AC5ED932} = {F9AD610B-AE89-4928-B0B5-4414496B1C33}
	EndGlobalSection
	GlobalSection(ExtensibilityGlobals) = postSolution
		SolutionGuid = {5C47ECEA-9743-4F77-AB20-BCC122761114}
	EndGlobalSection
EndGlobal
